// !$*UTF8*$!
{
	archiveVersion = 1;
	classes = {
	};
	objectVersion = 46;
	objects = {

/* Begin PBXBuildFile section */
		738A82B11CD03877001EFF59 /* AppDelegate.swift in Sources */ = {isa = PBXBuildFile; fileRef = 738A82B01CD03877001EFF59 /* AppDelegate.swift */; };
		738A82B31CD03877001EFF59 /* ViewController.swift in Sources */ = {isa = PBXBuildFile; fileRef = 738A82B21CD03877001EFF59 /* ViewController.swift */; };
		738A82B61CD03877001EFF59 /* Main.storyboard in Resources */ = {isa = PBXBuildFile; fileRef = 738A82B41CD03877001EFF59 /* Main.storyboard */; };
		738A82B81CD03877001EFF59 /* Assets.xcassets in Resources */ = {isa = PBXBuildFile; fileRef = 738A82B71CD03877001EFF59 /* Assets.xcassets */; };
		738A82BB1CD03877001EFF59 /* LaunchScreen.storyboard in Resources */ = {isa = PBXBuildFile; fileRef = 738A82B91CD03877001EFF59 /* LaunchScreen.storyboard */; };
		738A82C41CD038AE001EFF59 /* SwiftBug.m in Sources */ = {isa = PBXBuildFile; fileRef = 738A82C31CD038AE001EFF59 /* SwiftBug.m */; };
/* End PBXBuildFile section */

/* Begin PBXFileReference section */
		738A82AD1CD03877001EFF59 /* swiftbugtest.app */ = {isa = PBXFileReference; explicitFileType = wrapper.application; includeInIndex = 0; path = swiftbugtest.app; sourceTree = BUILT_PRODUCTS_DIR; };
		738A82B01CD03877001EFF59 /* AppDelegate.swift */ = {isa = PBXFileReference; lastKnownFileType = sourcecode.swift; path = AppDelegate.swift; sourceTree = "<group>"; };
		738A82B21CD03877001EFF59 /* ViewController.swift */ = {isa = PBXFileReference; lastKnownFileType = sourcecode.swift; path = ViewController.swift; sourceTree = "<group>"; };
		738A82B51CD03877001EFF59 /* Base */ = {isa = PBXFileReference; lastKnownFileType = file.storyboard; name = Base; path = Base.lproj/Main.storyboard; sourceTree = "<group>"; };
		738A82B71CD03877001EFF59 /* Assets.xcassets */ = {isa = PBXFileReference; lastKnownFileType = folder.assetcatalog; path = Assets.xcassets; sourceTree = "<group>"; };
		738A82BA1CD03877001EFF59 /* Base */ = {isa = PBXFileReference; lastKnownFileType = file.storyboard; name = Base; path = Base.lproj/LaunchScreen.storyboard; sourceTree = "<group>"; };
		738A82BC1CD03877001EFF59 /* Info.plist */ = {isa = PBXFileReference; lastKnownFileType = text.plist.xml; path = Info.plist; sourceTree = "<group>"; };
		738A82C21CD038AE001EFF59 /* swiftbugtest-Bridging-Header.h */ = {isa = PBXFileReference; lastKnownFileType = sourcecode.c.h; path = "swiftbugtest-Bridging-Header.h"; sourceTree = "<group>"; };
		738A82C31CD038AE001EFF59 /* SwiftBug.m */ = {isa = PBXFileReference; fileEncoding = 4; lastKnownFileType = sourcecode.c.objc; path = SwiftBug.m; sourceTree = "<group>"; };
		738A82C51CD03A46001EFF59 /* SwiftBug.h */ = {isa = PBXFileReference; lastKnownFileType = sourcecode.c.h; path = SwiftBug.h; sourceTree = "<group>"; };
/* End PBXFileReference section */

/* Begin PBXFrameworksBuildPhase section */
		738A82AA1CD03877001EFF59 /* Frameworks */ = {
			isa = PBXFrameworksBuildPhase;
			buildActionMask = 2147483647;
			files = (
			);
			runOnlyForDeploymentPostprocessing = 0;
		};
/* End PBXFrameworksBuildPhase section */

/* Begin PBXGroup section */
		738A82A41CD03877001EFF59 = {
			isa = PBXGroup;
			children = (
				738A82AF1CD03877001EFF59 /* swiftbugtest */,
				738A82AE1CD03877001EFF59 /* Products */,
			);
			sourceTree = "<group>";
		};
		738A82AE1CD03877001EFF59 /* Products */ = {
			isa = PBXGroup;
			children = (
				738A82AD1CD03877001EFF59 /* swiftbugtest.app */,
			);
			name = Products;
			sourceTree = "<group>";
		};
		738A82AF1CD03877001EFF59 /* swiftbugtest */ = {
			isa = PBXGroup;
			children = (
				738A82B01CD03877001EFF59 /* AppDelegate.swift */,
				738A82B21CD03877001EFF59 /* ViewController.swift */,
				738A82B41CD03877001EFF59 /* Main.storyboard */,
				738A82B71CD03877001EFF59 /* Assets.xcassets */,
				738A82B91CD03877001EFF59 /* LaunchScreen.storyboard */,
				738A82BC1CD03877001EFF59 /* Info.plist */,
				738A82C31CD038AE001EFF59 /* SwiftBug.m */,
				738A82C21CD038AE001EFF59 /* swiftbugtest-Bridging-Header.h */,
				738A82C51CD03A46001EFF59 /* SwiftBug.h */,
			);
			path = swiftbugtest;
			sourceTree = "<group>";
		};
/* End PBXGroup section */

/* Begin PBXNativeTarget section */
		738A82AC1CD03877001EFF59 /* swiftbugtest */ = {
			isa = PBXNativeTarget;
			buildConfigurationList = 738A82BF1CD03877001EFF59 /* Build configuration list for PBXNativeTarget "swiftbugtest" */;
			buildPhases = (
				738A82A91CD03877001EFF59 /* Sources */,
				738A82AA1CD03877001EFF59 /* Frameworks */,
				738A82AB1CD03877001EFF59 /* Resources */,
			);
			buildRules = (
			);
			dependencies = (
			);
			name = swiftbugtest;
			productName = swiftbugtest;
			productReference = 738A82AD1CD03877001EFF59 /* swiftbugtest.app */;
			productType = "com.apple.product-type.application";
		};
/* End PBXNativeTarget section */

/* Begin PBXProject section */
		738A82A51CD03877001EFF59 /* Project object */ = {
			isa = PBXProject;
			attributes = {
				LastSwiftUpdateCheck = 0730;
				LastUpgradeCheck = 0730;
				ORGANIZATIONNAME = "Michael Lehenbauer";
				TargetAttributes = {
					738A82AC1CD03877001EFF59 = {
						CreatedOnToolsVersion = 7.3;
					};
				};
			};
			buildConfigurationList = 738A82A81CD03877001EFF59 /* Build configuration list for PBXProject "swiftbugtest" */;
			compatibilityVersion = "Xcode 3.2";
			developmentRegion = English;
			hasScannedForEncodings = 0;
			knownRegions = (
				en,
				Base,
			);
			mainGroup = 738A82A41CD03877001EFF59;
			productRefGroup = 738A82AE1CD03877001EFF59 /* Products */;
			projectDirPath = "";
			projectRoot = "";
			targets = (
				738A82AC1CD03877001EFF59 /* swiftbugtest */,
			);
		};
/* End PBXProject section */

/* Begin PBXResourcesBuildPhase section */
		738A82AB1CD03877001EFF59 /* Resources */ = {
			isa = PBXResourcesBuildPhase;
			buildActionMask = 2147483647;
			files = (
				738A82BB1CD03877001EFF59 /* LaunchScreen.storyboard in Resources */,
				738A82B81CD03877001EFF59 /* Assets.xcassets in Resources */,
				738A82B61CD03877001EFF59 /* Main.storyboard in Resources */,
			);
			runOnlyForDeploymentPostprocessing = 0;
		};
/* End PBXResourcesBuildPhase section */

/* Begin PBXSourcesBuildPhase section */
		738A82A91CD03877001EFF59 /* Sources */ = {
			isa = PBXSourcesBuildPhase;
			buildActionMask = 2147483647;
			files = (
				738A82B31CD03877001EFF59 /* ViewController.swift in Sources */,
				738A82B11CD03877001EFF59 /* AppDelegate.swift in Sources */,
				738A82C41CD038AE001EFF59 /* SwiftBug.m in Sources */,
			);
			runOnlyForDeploymentPostprocessing = 0;
		};
/* End PBXSourcesBuildPhase section */

/* Begin PBXVariantGroup section */
		738A82B41CD03877001EFF59 /* Main.storyboard */ = {
			isa = PBXVariantGroup;
			children = (
				738A82B51CD03877001EFF59 /* Base */,
			);
			name = Main.storyboard;
			sourceTree = "<group>";
		};
		738A82B91CD03877001EFF59 /* LaunchScreen.storyboard */ = {
			isa = PBXVariantGroup;
			children = (
				738A82BA1CD03877001EFF59 /* Base */,
			);
			name = LaunchScreen.storyboard;
			sourceTree = "<group>";
		};
/* End PBXVariantGroup section */

/* Begin XCBuildConfiguration section */
		738A82BD1CD03877001EFF59 /* Debug */ = {
			isa = XCBuildConfiguration;
			buildSettings = {
				ALWAYS_SEARCH_USER_PATHS = NO;
				CLANG_CXX_LANGUAGE_STANDARD = "gnu++0x";
				CLANG_CXX_LIBRARY = "libc++";
				CLANG_ENABLE_MODULES = YES;
				CLANG_ENABLE_OBJC_ARC = YES;
				CLANG_WARN_BOOL_CONVERSION = YES;
				CLANG_WARN_CONSTANT_CONVERSION = YES;
				CLANG_WARN_DIRECT_OBJC_ISA_USAGE = YES_ERROR;
				CLANG_WARN_EMPTY_BODY = YES;
				CLANG_WARN_ENUM_CONVERSION = YES;
				CLANG_WARN_INT_CONVERSION = YES;
				CLANG_WARN_OBJC_ROOT_CLASS = YES_ERROR;
				CLANG_WARN_UNREACHABLE_CODE = YES;
				CLANG_WARN__DUPLICATE_METHOD_MATCH = YES;
				"CODE_SIGN_IDENTITY[sdk=iphoneos*]" = "iPhone Developer";
				COPY_PHASE_STRIP = NO;
				DEBUG_INFORMATION_FORMAT = dwarf;
				ENABLE_STRICT_OBJC_MSGSEND = YES;
				ENABLE_TESTABILITY = YES;
				GCC_C_LANGUAGE_STANDARD = gnu99;
				GCC_DYNAMIC_NO_PIC = NO;
				GCC_NO_COMMON_BLOCKS = YES;
				GCC_OPTIMIZATION_LEVEL = 0;
				GCC_PREPROCESSOR_DEFINITIONS = (
					"DEBUG=1",
					"$(inherited)",
				);
				GCC_WARN_64_TO_32_BIT_CONVERSION = YES;
				GCC_WARN_ABOUT_RETURN_TYPE = YES_ERROR;
				GCC_WARN_UNDECLARED_SELECTOR = YES;
				GCC_WARN_UNINITIALIZED_AUTOS = YES_AGGRESSIVE;
				GCC_WARN_UNUSED_FUNCTION = YES;
				GCC_WARN_UNUSED_VARIABLE = YES;
				IPHONEOS_DEPLOYMENT_TARGET = 9.3;
				MTL_ENABLE_DEBUG_INFO = YES;
				ONLY_ACTIVE_ARCH = YES;
				SDKROOT = iphoneos;
				SWIFT_OPTIMIZATION_LEVEL = "-Onone";
				TARGETED_DEVICE_FAMILY = "1,2";
			};
			name = Debug;
		};
		738A82BE1CD03877001EFF59 /* Release */ = {
			isa = XCBuildConfiguration;
			buildSettings = {
				ALWAYS_SEARCH_USER_PATHS = NO;
				CLANG_CXX_LANGUAGE_STANDARD = "gnu++0x";
				CLANG_CXX_LIBRARY = "libc++";
				CLANG_ENABLE_MODULES = YES;
				CLANG_ENABLE_OBJC_ARC = YES;
				CLANG_WARN_BOOL_CONVERSION = YES;
				CLANG_WARN_CONSTANT_CONVERSION = YES;
				CLANG_WARN_DIRECT_OBJC_ISA_USAGE = YES_ERROR;
				CLANG_WARN_EMPTY_BODY = YES;
				CLANG_WARN_ENUM_CONVERSION = YES;
				CLANG_WARN_INT_CONVERSION = YES;
				CLANG_WARN_OBJC_ROOT_CLASS = YES_ERROR;
				CLANG_WARN_UNREACHABLE_CODE = YES;
				CLANG_WARN__DUPLICATE_METHOD_MATCH = YES;
				"CODE_SIGN_IDENTITY[sdk=iphoneos*]" = "iPhone Developer";
				COPY_PHASE_STRIP = NO;
				DEBUG_INFORMATION_FORMAT = "dwarf-with-dsym";
				ENABLE_NS_ASSERTIONS = NO;
				ENABLE_STRICT_OBJC_MSGSEND = YES;
				GCC_C_LANGUAGE_STANDARD = gnu99;
				GCC_NO_COMMON_BLOCKS = YES;
				GCC_WARN_64_TO_32_BIT_CONVERSION = YES;
				GCC_WARN_ABOUT_RETURN_TYPE = YES_ERROR;
				GCC_WARN_UNDECLARED_SELECTOR = YES;
				GCC_WARN_UNINITIALIZED_AUTOS = YES_AGGRESSIVE;
				GCC_WARN_UNUSED_FUNCTION = YES;
				GCC_WARN_UNUSED_VARIABLE = YES;
				IPHONEOS_DEPLOYMENT_TARGET = 9.3;
				MTL_ENABLE_DEBUG_INFO = NO;
				SDKROOT = iphoneos;
				TARGETED_DEVICE_FAMILY = "1,2";
				VALIDATE_PRODUCT = YES;
			};
			name = Release;
		};
		738A82C01CD03877001EFF59 /* Debug */ = {
			isa = XCBuildConfiguration;
			buildSettings = {
				ASSETCATALOG_COMPILER_APPICON_NAME = AppIcon;
				CLANG_ENABLE_MODULES = YES;
				INFOPLIST_FILE = swiftbugtest/Info.plist;
				LD_RUNPATH_SEARCH_PATHS = "$(inherited) @executable_path/Frameworks";
				PRODUCT_BUNDLE_IDENTIFIER = com.mikelehen.swiftbugtest;
				PRODUCT_NAME = "$(TARGET_NAME)";
				SWIFT_OBJC_BRIDGING_HEADER = "swiftbugtest/swiftbugtest-Bridging-Header.h";
				SWIFT_OPTIMIZATION_LEVEL = "-Onone";
			};
			name = Debug;
		};
		738A82C11CD03877001EFF59 /* Release */ = {
			isa = XCBuildConfiguration;
			buildSettings = {
				ASSETCATALOG_COMPILER_APPICON_NAME = AppIcon;
				CLANG_ENABLE_MODULES = YES;
				INFOPLIST_FILE = swiftbugtest/Info.plist;
				LD_RUNPATH_SEARCH_PATHS = "$(inherited) @executable_path/Frameworks";
				PRODUCT_BUNDLE_IDENTIFIER = com.mikelehen.swiftbugtest;
				PRODUCT_NAME = "$(TARGET_NAME)";
				SWIFT_OBJC_BRIDGING_HEADER = "swiftbugtest/swiftbugtest-Bridging-Header.h";
			};
			name = Release;
		};
/* End XCBuildConfiguration section */

/* Begin XCConfigurationList section */
		738A82A81CD03877001EFF59 /* Build configuration list for PBXProject "swiftbugtest" */ = {
			isa = XCConfigurationList;
			buildConfigurations = (
				738A82BD1CD03877001EFF59 /* Debug */,
				738A82BE1CD03877001EFF59 /* Release */,
			);
			defaultConfigurationIsVisible = 0;
			defaultConfigurationName = Release;
		};
		738A82BF1CD03877001EFF59 /* Build configuration list for PBXNativeTarget "swiftbugtest" */ = {
			isa = XCConfigurationList;
			buildConfigurations = (
				738A82C01CD03877001EFF59 /* Debug */,
				738A82C11CD03877001EFF59 /* Release */,
			);
			defaultConfigurationIsVisible = 0;
		};
/* End XCConfigurationList section */
	};
	rootObject = 738A82A51CD03877001EFF59 /* Project object */;
}
